// !$*UTF8*$!
{
	archiveVersion = 1;
	classes = {
	};
	objectVersion = 46;
	objects = {

/* Begin PBXBuildFile section */
		4289801C1909B75A0026099A /* Foundation.framework in Frameworks */ = {isa = PBXBuildFile; fileRef = 4289801B1909B75A0026099A /* Foundation.framework */; };
		4289801E1909B75A0026099A /* CoreGraphics.framework in Frameworks */ = {isa = PBXBuildFile; fileRef = 4289801D1909B75A0026099A /* CoreGraphics.framework */; };
		428980201909B75A0026099A /* UIKit.framework in Frameworks */ = {isa = PBXBuildFile; fileRef = 4289801F1909B75A0026099A /* UIKit.framework */; };
		428980261909B75A0026099A /* InfoPlist.strings in Resources */ = {isa = PBXBuildFile; fileRef = 428980241909B75A0026099A /* InfoPlist.strings */; };
		428980281909B75A0026099A /* main.m in Sources */ = {isa = PBXBuildFile; fileRef = 428980271909B75A0026099A /* main.m */; };
		4289802C1909B75A0026099A /* AppDelegate.m in Sources */ = {isa = PBXBuildFile; fileRef = 4289802B1909B75A0026099A /* AppDelegate.m */; };
		4289802E1909B75A0026099A /* Images.xcassets in Resources */ = {isa = PBXBuildFile; fileRef = 4289802D1909B75A0026099A /* Images.xcassets */; };
		428980351909B75A0026099A /* XCTest.framework in Frameworks */ = {isa = PBXBuildFile; fileRef = 428980341909B75A0026099A /* XCTest.framework */; };
		428980361909B75A0026099A /* Foundation.framework in Frameworks */ = {isa = PBXBuildFile; fileRef = 4289801B1909B75A0026099A /* Foundation.framework */; };
		428980371909B75A0026099A /* UIKit.framework in Frameworks */ = {isa = PBXBuildFile; fileRef = 4289801F1909B75A0026099A /* UIKit.framework */; };
		4289803F1909B75A0026099A /* InfoPlist.strings in Resources */ = {isa = PBXBuildFile; fileRef = 4289803D1909B75A0026099A /* InfoPlist.strings */; };
		428980411909B75A0026099A /* TomatoesTests.m in Sources */ = {isa = PBXBuildFile; fileRef = 428980401909B75A0026099A /* TomatoesTests.m */; };
		4289804D1909B82F0026099A /* MoviesViewController.m in Sources */ = {isa = PBXBuildFile; fileRef = 4289804B1909B82F0026099A /* MoviesViewController.m */; };
		4289804E1909B82F0026099A /* MoviesViewController.xib in Resources */ = {isa = PBXBuildFile; fileRef = 4289804C1909B82F0026099A /* MoviesViewController.xib */; };
		428980541909B92A0026099A /* MovieCell.m in Sources */ = {isa = PBXBuildFile; fileRef = 428980521909B92A0026099A /* MovieCell.m */; };
		428980551909B92A0026099A /* MovieCell.xib in Resources */ = {isa = PBXBuildFile; fileRef = 428980531909B92A0026099A /* MovieCell.xib */; };
		428980591909BBD00026099A /* MovieDetailsViewController.m in Sources */ = {isa = PBXBuildFile; fileRef = 428980571909BBD00026099A /* MovieDetailsViewController.m */; };
		4289805A1909BBD00026099A /* MovieDetailsViewController.xib in Resources */ = {isa = PBXBuildFile; fileRef = 428980581909BBD00026099A /* MovieDetailsViewController.xib */; };
		D06EBC99353B45EDAEA1B72D /* libPods.a in Frameworks */ = {isa = PBXBuildFile; fileRef = 3AAC636D70074E90BCA43E72 /* libPods.a */; };
/* End PBXBuildFile section */

/* Begin PBXContainerItemProxy section */
		428980381909B75A0026099A /* PBXContainerItemProxy */ = {
			isa = PBXContainerItemProxy;
			containerPortal = 428980101909B75A0026099A /* Project object */;
			proxyType = 1;
			remoteGlobalIDString = 428980171909B75A0026099A;
			remoteInfo = Tomatoes;
		};
/* End PBXContainerItemProxy section */

/* Begin PBXFileReference section */
		1B356E4E2A494ECCB4DEA706 /* Pods.xcconfig */ = {isa = PBXFileReference; includeInIndex = 1; lastKnownFileType = text.xcconfig; name = Pods.xcconfig; path = Pods/Pods.xcconfig; sourceTree = "<group>"; };
		3AAC636D70074E90BCA43E72 /* libPods.a */ = {isa = PBXFileReference; explicitFileType = archive.ar; includeInIndex = 0; path = libPods.a; sourceTree = BUILT_PRODUCTS_DIR; };
		428980181909B75A0026099A /* Tomatoes.app */ = {isa = PBXFileReference; explicitFileType = wrapper.application; includeInIndex = 0; path = Tomatoes.app; sourceTree = BUILT_PRODUCTS_DIR; };
		4289801B1909B75A0026099A /* Foundation.framework */ = {isa = PBXFileReference; lastKnownFileType = wrapper.framework; name = Foundation.framework; path = System/Library/Frameworks/Foundation.framework; sourceTree = SDKROOT; };
		4289801D1909B75A0026099A /* CoreGraphics.framework */ = {isa = PBXFileReference; lastKnownFileType = wrapper.framework; name = CoreGraphics.framework; path = System/Library/Frameworks/CoreGraphics.framework; sourceTree = SDKROOT; };
		4289801F1909B75A0026099A /* UIKit.framework */ = {isa = PBXFileReference; lastKnownFileType = wrapper.framework; name = UIKit.framework; path = System/Library/Frameworks/UIKit.framework; sourceTree = SDKROOT; };
		428980231909B75A0026099A /* Tomatoes-Info.plist */ = {isa = PBXFileReference; lastKnownFileType = text.plist.xml; path = "Tomatoes-Info.plist"; sourceTree = "<group>"; };
		428980251909B75A0026099A /* en */ = {isa = PBXFileReference; lastKnownFileType = text.plist.strings; name = en; path = en.lproj/InfoPlist.strings; sourceTree = "<group>"; };
		428980271909B75A0026099A /* main.m */ = {isa = PBXFileReference; lastKnownFileType = sourcecode.c.objc; path = main.m; sourceTree = "<group>"; };
		428980291909B75A0026099A /* Tomatoes-Prefix.pch */ = {isa = PBXFileReference; lastKnownFileType = sourcecode.c.h; path = "Tomatoes-Prefix.pch"; sourceTree = "<group>"; };
		4289802A1909B75A0026099A /* AppDelegate.h */ = {isa = PBXFileReference; lastKnownFileType = sourcecode.c.h; path = AppDelegate.h; sourceTree = "<group>"; };
		4289802B1909B75A0026099A /* AppDelegate.m */ = {isa = PBXFileReference; lastKnownFileType = sourcecode.c.objc; path = AppDelegate.m; sourceTree = "<group>"; };
		4289802D1909B75A0026099A /* Images.xcassets */ = {isa = PBXFileReference; lastKnownFileType = folder.assetcatalog; path = Images.xcassets; sourceTree = "<group>"; };
		428980331909B75A0026099A /* TomatoesTests.xctest */ = {isa = PBXFileReference; explicitFileType = wrapper.cfbundle; includeInIndex = 0; path = TomatoesTests.xctest; sourceTree = BUILT_PRODUCTS_DIR; };
		428980341909B75A0026099A /* XCTest.framework */ = {isa = PBXFileReference; lastKnownFileType = wrapper.framework; name = XCTest.framework; path = Library/Frameworks/XCTest.framework; sourceTree = DEVELOPER_DIR; };
		4289803C1909B75A0026099A /* TomatoesTests-Info.plist */ = {isa = PBXFileReference; lastKnownFileType = text.plist.xml; path = "TomatoesTests-Info.plist"; sourceTree = "<group>"; };
		4289803E1909B75A0026099A /* en */ = {isa = PBXFileReference; lastKnownFileType = text.plist.strings; name = en; path = en.lproj/InfoPlist.strings; sourceTree = "<group>"; };
		428980401909B75A0026099A /* TomatoesTests.m */ = {isa = PBXFileReference; lastKnownFileType = sourcecode.c.objc; path = TomatoesTests.m; sourceTree = "<group>"; };
		4289804A1909B82F0026099A /* MoviesViewController.h */ = {isa = PBXFileReference; fileEncoding = 4; lastKnownFileType = sourcecode.c.h; path = MoviesViewController.h; sourceTree = "<group>"; };
		4289804B1909B82F0026099A /* MoviesViewController.m */ = {isa = PBXFileReference; fileEncoding = 4; lastKnownFileType = sourcecode.c.objc; path = MoviesViewController.m; sourceTree = "<group>"; };
		4289804C1909B82F0026099A /* MoviesViewController.xib */ = {isa = PBXFileReference; fileEncoding = 4; lastKnownFileType = file.xib; path = MoviesViewController.xib; sourceTree = "<group>"; };
		428980511909B92A0026099A /* MovieCell.h */ = {isa = PBXFileReference; fileEncoding = 4; lastKnownFileType = sourcecode.c.h; path = MovieCell.h; sourceTree = "<group>"; };
		428980521909B92A0026099A /* MovieCell.m */ = {isa = PBXFileReference; fileEncoding = 4; lastKnownFileType = sourcecode.c.objc; path = MovieCell.m; sourceTree = "<group>"; };
		428980531909B92A0026099A /* MovieCell.xib */ = {isa = PBXFileReference; fileEncoding = 4; lastKnownFileType = file.xib; path = MovieCell.xib; sourceTree = "<group>"; };
		428980561909BBD00026099A /* MovieDetailsViewController.h */ = {isa = PBXFileReference; fileEncoding = 4; lastKnownFileType = sourcecode.c.h; path = MovieDetailsViewController.h; sourceTree = "<group>"; };
		428980571909BBD00026099A /* MovieDetailsViewController.m */ = {isa = PBXFileReference; fileEncoding = 4; lastKnownFileType = sourcecode.c.objc; path = MovieDetailsViewController.m; sourceTree = "<group>"; };
		428980581909BBD00026099A /* MovieDetailsViewController.xib */ = {isa = PBXFileReference; fileEncoding = 4; lastKnownFileType = file.xib; path = MovieDetailsViewController.xib; sourceTree = "<group>"; };
/* End PBXFileReference section */

/* Begin PBXFrameworksBuildPhase section */
		428980151909B75A0026099A /* Frameworks */ = {
			isa = PBXFrameworksBuildPhase;
			buildActionMask = 2147483647;
			files = (
				4289801E1909B75A0026099A /* CoreGraphics.framework in Frameworks */,
				428980201909B75A0026099A /* UIKit.framework in Frameworks */,
				4289801C1909B75A0026099A /* Foundation.framework in Frameworks */,
				D06EBC99353B45EDAEA1B72D /* libPods.a in Frameworks */,
			);
			runOnlyForDeploymentPostprocessing = 0;
		};
		428980301909B75A0026099A /* Frameworks */ = {
			isa = PBXFrameworksBuildPhase;
			buildActionMask = 2147483647;
			files = (
				428980351909B75A0026099A /* XCTest.framework in Frameworks */,
				428980371909B75A0026099A /* UIKit.framework in Frameworks */,
				428980361909B75A0026099A /* Foundation.framework in Frameworks */,
			);
			runOnlyForDeploymentPostprocessing = 0;
		};
/* End PBXFrameworksBuildPhase section */

/* Begin PBXGroup section */
		4289800F1909B75A0026099A = {
			isa = PBXGroup;
			children = (
				428980211909B75A0026099A /* Tomatoes */,
				4289803A1909B75A0026099A /* TomatoesTests */,
				4289801A1909B75A0026099A /* Frameworks */,
				428980191909B75A0026099A /* Products */,
				1B356E4E2A494ECCB4DEA706 /* Pods.xcconfig */,
			);
			sourceTree = "<group>";
		};
		428980191909B75A0026099A /* Products */ = {
			isa = PBXGroup;
			children = (
				428980181909B75A0026099A /* Tomatoes.app */,
				428980331909B75A0026099A /* TomatoesTests.xctest */,
			);
			name = Products;
			sourceTree = "<group>";
		};
		4289801A1909B75A0026099A /* Frameworks */ = {
			isa = PBXGroup;
			children = (
				4289801B1909B75A0026099A /* Foundation.framework */,
				4289801D1909B75A0026099A /* CoreGraphics.framework */,
				4289801F1909B75A0026099A /* UIKit.framework */,
				428980341909B75A0026099A /* XCTest.framework */,
				3AAC636D70074E90BCA43E72 /* libPods.a */,
			);
			name = Frameworks;
			sourceTree = "<group>";
		};
		428980211909B75A0026099A /* Tomatoes */ = {
			isa = PBXGroup;
			children = (
				428980501909B9160026099A /* Views */,
				4289804F1909B8330026099A /* View Controllers */,
				4289802A1909B75A0026099A /* AppDelegate.h */,
				4289802B1909B75A0026099A /* AppDelegate.m */,
				4289802D1909B75A0026099A /* Images.xcassets */,
				428980221909B75A0026099A /* Supporting Files */,
			);
			path = Tomatoes;
			sourceTree = "<group>";
		};
		428980221909B75A0026099A /* Supporting Files */ = {
			isa = PBXGroup;
			children = (
				428980231909B75A0026099A /* Tomatoes-Info.plist */,
				428980241909B75A0026099A /* InfoPlist.strings */,
				428980271909B75A0026099A /* main.m */,
				428980291909B75A0026099A /* Tomatoes-Prefix.pch */,
			);
			name = "Supporting Files";
			sourceTree = "<group>";
		};
		4289803A1909B75A0026099A /* TomatoesTests */ = {
			isa = PBXGroup;
			children = (
				428980401909B75A0026099A /* TomatoesTests.m */,
				4289803B1909B75A0026099A /* Supporting Files */,
			);
			path = TomatoesTests;
			sourceTree = "<group>";
		};
		4289803B1909B75A0026099A /* Supporting Files */ = {
			isa = PBXGroup;
			children = (
				4289803C1909B75A0026099A /* TomatoesTests-Info.plist */,
				4289803D1909B75A0026099A /* InfoPlist.strings */,
			);
			name = "Supporting Files";
			sourceTree = "<group>";
		};
		4289804F1909B8330026099A /* View Controllers */ = {
			isa = PBXGroup;
			children = (
				4289804A1909B82F0026099A /* MoviesViewController.h */,
				4289804B1909B82F0026099A /* MoviesViewController.m */,
				4289804C1909B82F0026099A /* MoviesViewController.xib */,
				428980561909BBD00026099A /* MovieDetailsViewController.h */,
				428980571909BBD00026099A /* MovieDetailsViewController.m */,
				428980581909BBD00026099A /* MovieDetailsViewController.xib */,
			);
			name = "View Controllers";
			sourceTree = "<group>";
		};
		428980501909B9160026099A /* Views */ = {
			isa = PBXGroup;
			children = (
				428980511909B92A0026099A /* MovieCell.h */,
				428980521909B92A0026099A /* MovieCell.m */,
				428980531909B92A0026099A /* MovieCell.xib */,
			);
			name = Views;
			sourceTree = "<group>";
		};
/* End PBXGroup section */

/* Begin PBXNativeTarget section */
		428980171909B75A0026099A /* Tomatoes */ = {
			isa = PBXNativeTarget;
			buildConfigurationList = 428980441909B75A0026099A /* Build configuration list for PBXNativeTarget "Tomatoes" */;
			buildPhases = (
				30B3986E47D144FD8FA2B1E0 /* Check Pods Manifest.lock */,
				428980141909B75A0026099A /* Sources */,
				428980151909B75A0026099A /* Frameworks */,
				428980161909B75A0026099A /* Resources */,
				23EEEF3C3FB149A3A780BB7F /* Copy Pods Resources */,
			);
			buildRules = (
			);
			dependencies = (
			);
			name = Tomatoes;
			productName = Tomatoes;
			productReference = 428980181909B75A0026099A /* Tomatoes.app */;
			productType = "com.apple.product-type.application";
		};
		428980321909B75A0026099A /* TomatoesTests */ = {
			isa = PBXNativeTarget;
			buildConfigurationList = 428980471909B75A0026099A /* Build configuration list for PBXNativeTarget "TomatoesTests" */;
			buildPhases = (
				4289802F1909B75A0026099A /* Sources */,
				428980301909B75A0026099A /* Frameworks */,
				428980311909B75A0026099A /* Resources */,
			);
			buildRules = (
			);
			dependencies = (
				428980391909B75A0026099A /* PBXTargetDependency */,
			);
			name = TomatoesTests;
			productName = TomatoesTests;
			productReference = 428980331909B75A0026099A /* TomatoesTests.xctest */;
			productType = "com.apple.product-type.bundle.unit-test";
		};
/* End PBXNativeTarget section */

/* Begin PBXProject section */
		428980101909B75A0026099A /* Project object */ = {
			isa = PBXProject;
			attributes = {
				LastUpgradeCheck = 0510;
				ORGANIZATIONNAME = codepath;
				TargetAttributes = {
					428980321909B75A0026099A = {
						TestTargetID = 428980171909B75A0026099A;
					};
				};
			};
			buildConfigurationList = 428980131909B75A0026099A /* Build configuration list for PBXProject "Tomatoes" */;
			compatibilityVersion = "Xcode 3.2";
			developmentRegion = English;
			hasScannedForEncodings = 0;
			knownRegions = (
				en,
			);
			mainGroup = 4289800F1909B75A0026099A;
			productRefGroup = 428980191909B75A0026099A /* Products */;
			projectDirPath = "";
			projectRoot = "";
			targets = (
				428980171909B75A0026099A /* Tomatoes */,
				428980321909B75A0026099A /* TomatoesTests */,
			);
		};
/* End PBXProject section */

/* Begin PBXResourcesBuildPhase section */
		428980161909B75A0026099A /* Resources */ = {
			isa = PBXResourcesBuildPhase;
			buildActionMask = 2147483647;
			files = (
				428980261909B75A0026099A /* InfoPlist.strings in Resources */,
				4289804E1909B82F0026099A /* MoviesViewController.xib in Resources */,
				428980551909B92A0026099A /* MovieCell.xib in Resources */,
				4289802E1909B75A0026099A /* Images.xcassets in Resources */,
				4289805A1909BBD00026099A /* MovieDetailsViewController.xib in Resources */,
			);
			runOnlyForDeploymentPostprocessing = 0;
		};
		428980311909B75A0026099A /* Resources */ = {
			isa = PBXResourcesBuildPhase;
			buildActionMask = 2147483647;
			files = (
				4289803F1909B75A0026099A /* InfoPlist.strings in Resources */,
			);
			runOnlyForDeploymentPostprocessing = 0;
		};
/* End PBXResourcesBuildPhase section */

/* Begin PBXShellScriptBuildPhase section */
		23EEEF3C3FB149A3A780BB7F /* Copy Pods Resources */ = {
			isa = PBXShellScriptBuildPhase;
			buildActionMask = 2147483647;
			files = (
			);
			inputPaths = (
			);
			name = "Copy Pods Resources";
			outputPaths = (
			);
			runOnlyForDeploymentPostprocessing = 0;
			shellPath = /bin/sh;
			shellScript = "\"${SRCROOT}/Pods/Pods-resources.sh\"\n";
			showEnvVarsInLog = 0;
		};
		30B3986E47D144FD8FA2B1E0 /* Check Pods Manifest.lock */ = {
			isa = PBXShellScriptBuildPhase;
			buildActionMask = 2147483647;
			files = (
			);
			inputPaths = (
			);
			name = "Check Pods Manifest.lock";
			outputPaths = (
			);
			runOnlyForDeploymentPostprocessing = 0;
			shellPath = /bin/sh;
			shellScript = "diff \"${PODS_ROOT}/../Podfile.lock\" \"${PODS_ROOT}/Manifest.lock\" > /dev/null\nif [[ $? != 0 ]] ; then\n    cat << EOM\nerror: The sandbox is not in sync with the Podfile.lock. Run 'pod install' or update your CocoaPods installation.\nEOM\n    exit 1\nfi\n";
			showEnvVarsInLog = 0;
		};
/* End PBXShellScriptBuildPhase section */

/* Begin PBXSourcesBuildPhase section */
		428980141909B75A0026099A /* Sources */ = {
			isa = PBXSourcesBuildPhase;
			buildActionMask = 2147483647;
			files = (
				428980591909BBD00026099A /* MovieDetailsViewController.m in Sources */,
				4289804D1909B82F0026099A /* MoviesViewController.m in Sources */,
				4289802C1909B75A0026099A /* AppDelegate.m in Sources */,
				428980541909B92A0026099A /* MovieCell.m in Sources */,
				428980281909B75A0026099A /* main.m in Sources */,
			);
			runOnlyForDeploymentPostprocessing = 0;
		};
		4289802F1909B75A0026099A /* Sources */ = {
			isa = PBXSourcesBuildPhase;
			buildActionMask = 2147483647;
			files = (
				428980411909B75A0026099A /* TomatoesTests.m in Sources */,
			);
			runOnlyForDeploymentPostprocessing = 0;
		};
/* End PBXSourcesBuildPhase section */

/* Begin PBXTargetDependency section */
		428980391909B75A0026099A /* PBXTargetDependency */ = {
			isa = PBXTargetDependency;
			target = 428980171909B75A0026099A /* Tomatoes */;
			targetProxy = 428980381909B75A0026099A /* PBXContainerItemProxy */;
		};
/* End PBXTargetDependency section */

/* Begin PBXVariantGroup section */
		428980241909B75A0026099A /* InfoPlist.strings */ = {
			isa = PBXVariantGroup;
			children = (
				428980251909B75A0026099A /* en */,
			);
			name = InfoPlist.strings;
			sourceTree = "<group>";
		};
		4289803D1909B75A0026099A /* InfoPlist.strings */ = {
			isa = PBXVariantGroup;
			children = (
				4289803E1909B75A0026099A /* en */,
			);
			name = InfoPlist.strings;
			sourceTree = "<group>";
		};
/* End PBXVariantGroup section */

/* Begin XCBuildConfiguration section */
		428980421909B75A0026099A /* Debug */ = {
			isa = XCBuildConfiguration;
			buildSettings = {
				ALWAYS_SEARCH_USER_PATHS = NO;
				CLANG_CXX_LANGUAGE_STANDARD = "gnu++0x";
				CLANG_CXX_LIBRARY = "libc++";
				CLANG_ENABLE_MODULES = YES;
				CLANG_ENABLE_OBJC_ARC = YES;
				CLANG_WARN_BOOL_CONVERSION = YES;
				CLANG_WARN_CONSTANT_CONVERSION = YES;
				CLANG_WARN_DIRECT_OBJC_ISA_USAGE = YES_ERROR;
				CLANG_WARN_EMPTY_BODY = YES;
				CLANG_WARN_ENUM_CONVERSION = YES;
				CLANG_WARN_INT_CONVERSION = YES;
				CLANG_WARN_OBJC_ROOT_CLASS = YES_ERROR;
				CLANG_WARN__DUPLICATE_METHOD_MATCH = YES;
				"CODE_SIGN_IDENTITY[sdk=iphoneos*]" = "iPhone Developer";
				COPY_PHASE_STRIP = NO;
				GCC_C_LANGUAGE_STANDARD = gnu99;
				GCC_DYNAMIC_NO_PIC = NO;
				GCC_OPTIMIZATION_LEVEL = 0;
				GCC_PREPROCESSOR_DEFINITIONS = (
					"DEBUG=1",
					"$(inherited)",
				);
				GCC_SYMBOLS_PRIVATE_EXTERN = NO;
				GCC_WARN_64_TO_32_BIT_CONVERSION = YES;
				GCC_WARN_ABOUT_RETURN_TYPE = YES_ERROR;
				GCC_WARN_UNDECLARED_SELECTOR = YES;
				GCC_WARN_UNINITIALIZED_AUTOS = YES_AGGRESSIVE;
				GCC_WARN_UNUSED_FUNCTION = YES;
				GCC_WARN_UNUSED_VARIABLE = YES;
				IPHONEOS_DEPLOYMENT_TARGET = 7.1;
				ONLY_ACTIVE_ARCH = YES;
				SDKROOT = iphoneos;
			};
			name = Debug;
		};
		428980431909B75A0026099A /* Release */ = {
			isa = XCBuildConfiguration;
			buildSettings = {
				ALWAYS_SEARCH_USER_PATHS = NO;
				CLANG_CXX_LANGUAGE_STANDARD = "gnu++0x";
				CLANG_CXX_LIBRARY = "libc++";
				CLANG_ENABLE_MODULES = YES;
				CLANG_ENABLE_OBJC_ARC = YES;
				CLANG_WARN_BOOL_CONVERSION = YES;
				CLANG_WARN_CONSTANT_CONVERSION = YES;
				CLANG_WARN_DIRECT_OBJC_ISA_USAGE = YES_ERROR;
				CLANG_WARN_EMPTY_BODY = YES;
				CLANG_WARN_ENUM_CONVERSION = YES;
				CLANG_WARN_INT_CONVERSION = YES;
				CLANG_WARN_OBJC_ROOT_CLASS = YES_ERROR;
				CLANG_WARN__DUPLICATE_METHOD_MATCH = YES;
				"CODE_SIGN_IDENTITY[sdk=iphoneos*]" = "iPhone Developer";
				COPY_PHASE_STRIP = YES;
				ENABLE_NS_ASSERTIONS = NO;
				GCC_C_LANGUAGE_STANDARD = gnu99;
				GCC_WARN_64_TO_32_BIT_CONVERSION = YES;
				GCC_WARN_ABOUT_RETURN_TYPE = YES_ERROR;
				GCC_WARN_UNDECLARED_SELECTOR = YES;
				GCC_WARN_UNINITIALIZED_AUTOS = YES_AGGRESSIVE;
				GCC_WARN_UNUSED_FUNCTION = YES;
				GCC_WARN_UNUSED_VARIABLE = YES;
				IPHONEOS_DEPLOYMENT_TARGET = 7.1;
				SDKROOT = iphoneos;
				VALIDATE_PRODUCT = YES;
			};
			name = Release;
		};
		428980451909B75A0026099A /* Debug */ = {
			isa = XCBuildConfiguration;
			baseConfigurationReference = 1B356E4E2A494ECCB4DEA706 /* Pods.xcconfig */;
			buildSettings = {
				ASSETCATALOG_COMPILER_APPICON_NAME = AppIcon;
				ASSETCATALOG_COMPILER_LAUNCHIMAGE_NAME = LaunchImage;
				GCC_PRECOMPILE_PREFIX_HEADER = YES;
				GCC_PREFIX_HEADER = "Tomatoes/Tomatoes-Prefix.pch";
				INFOPLIST_FILE = "Tomatoes/Tomatoes-Info.plist";
				PRODUCT_NAME = "$(TARGET_NAME)";
				WRAPPER_EXTENSION = app;
			};
			name = Debug;
		};
		428980461909B75A0026099A /* Release */ = {
			isa = XCBuildConfiguration;
			baseConfigurationReference = 1B356E4E2A494ECCB4DEA706 /* Pods.xcconfig */;
			buildSettings = {
				ASSETCATALOG_COMPILER_APPICON_NAME = AppIcon;
				ASSETCATALOG_COMPILER_LAUNCHIMAGE_NAME = LaunchImage;
				GCC_PRECOMPILE_PREFIX_HEADER = YES;
				GCC_PREFIX_HEADER = "Tomatoes/Tomatoes-Prefix.pch";
				INFOPLIST_FILE = "Tomatoes/Tomatoes-Info.plist";
				PRODUCT_NAME = "$(TARGET_NAME)";
				WRAPPER_EXTENSION = app;
			};
			name = Release;
		};
		428980481909B75A0026099A /* Debug */ = {
			isa = XCBuildConfiguration;
			buildSettings = {
				BUNDLE_LOADER = "$(BUILT_PRODUCTS_DIR)/Tomatoes.app/Tomatoes";
				FRAMEWORK_SEARCH_PATHS = (
					"$(SDKROOT)/Developer/Library/Frameworks",
					"$(inherited)",
					"$(DEVELOPER_FRAMEWORKS_DIR)",
				);
				GCC_PRECOMPILE_PREFIX_HEADER = YES;
				GCC_PREFIX_HEADER = "Tomatoes/Tomatoes-Prefix.pch";
				GCC_PREPROCESSOR_DEFINITIONS = (
					"DEBUG=1",
					"$(inherited)",
				);
				INFOPLIST_FILE = "TomatoesTests/TomatoesTests-Info.plist";
				PRODUCT_NAME = "$(TARGET_NAME)";
				TEST_HOST = "$(BUNDLE_LOADER)";
				WRAPPER_EXTENSION = xctest;
			};
			name = Debug;
		};
		428980491909B75A0026099A /* Release */ = {
			isa = XCBuildConfiguration;
			buildSettings = {
				BUNDLE_LOADER = "$(BUILT_PRODUCTS_DIR)/Tomatoes.app/Tomatoes";
				FRAMEWORK_SEARCH_PATHS = (
					"$(SDKROOT)/Developer/Library/Frameworks",
					"$(inherited)",
					"$(DEVELOPER_FRAMEWORKS_DIR)",
				);
				GCC_PRECOMPILE_PREFIX_HEADER = YES;
				GCC_PREFIX_HEADER = "Tomatoes/Tomatoes-Prefix.pch";
				INFOPLIST_FILE = "TomatoesTests/TomatoesTests-Info.plist";
				PRODUCT_NAME = "$(TARGET_NAME)";
				TEST_HOST = "$(BUNDLE_LOADER)";
				WRAPPER_EXTENSION = xctest;
			};
			name = Release;
		};
/* End XCBuildConfiguration section */

/* Begin XCConfigurationList section */
		428980131909B75A0026099A /* Build configuration list for PBXProject "Tomatoes" */ = {
			isa = XCConfigurationList;
			buildConfigurations = (
				428980421909B75A0026099A /* Debug */,
				428980431909B75A0026099A /* Release */,
			);
			defaultConfigurationIsVisible = 0;
			defaultConfigurationName = Release;
		};
		428980441909B75A0026099A /* Build configuration list for PBXNativeTarget "Tomatoes" */ = {
			isa = XCConfigurationList;
			buildConfigurations = (
				428980451909B75A0026099A /* Debug */,
				428980461909B75A0026099A /* Release */,
			);
			defaultConfigurationIsVisible = 0;
			defaultConfigurationName = Release;
		};
		428980471909B75A0026099A /* Build configuration list for PBXNativeTarget "TomatoesTests" */ = {
			isa = XCConfigurationList;
			buildConfigurations = (
				428980481909B75A0026099A /* Debug */,
				428980491909B75A0026099A /* Release */,
			);
			defaultConfigurationIsVisible = 0;
			defaultConfigurationName = Release;
		};
/* End XCConfigurationList section */
	};
	rootObject = 428980101909B75A0026099A /* Project object */;
}
